
Microsoft Visual Studio Solution File, Format Version 12.00
# Visual Studio 2017
Project("{FAE04EC0-301F-11D3-BF4B-00C04F79EFBC}") = "AnatomyQuiz", "AnatomyQuiz.csproj", "{FA3A3DAE-7484-B517-14B5-09DEC140550A}"
EndProject
Project("{FAE04EC0-301F-11D3-BF4B-00C04F79EFBC}") = "AnatomyQuiz.Editor", "AnatomyQuiz.Editor.csproj", "{8022C946-8D99-A6FB-3507-ADEC315B2AEE}"
EndProject
Global
	GlobalSection(SolutionConfigurationPlatforms) = preSolution
		Debug|Any CPU = Debug|Any CPU
		Release|Any CPU = Release|Any CPU
	EndGlobalSection
	GlobalSection(ProjectConfigurationPlatforms) = postSolution
		{FA3A3DAE-7484-B517-14B5-09DEC140550A}.Debug|Any CPU.ActiveCfg = Debug|Any CPU
		{FA3A3DAE-7484-B517-14B5-09DEC140550A}.Debug|Any CPU.Build.0 = Debug|Any CPU
		{FA3A3DAE-7484-B517-14B5-09DEC140550A}.Release|Any CPU.ActiveCfg = Release|Any CPU
		{FA3A3DAE-7484-B517-14B5-09DEC140550A}.Release|Any CPU.Build.0 = Release|Any CPU
		{8022C946-8D99-A6FB-3507-ADEC315B2AEE}.Debug|Any CPU.ActiveCfg = Debug|Any CPU
		{8022C946-8D99-A6FB-3507-ADEC315B2AEE}.Debug|Any CPU.Build.0 = Debug|Any CPU
		{8022C946-8D99-A6FB-3507-ADEC315B2AEE}.Release|Any CPU.ActiveCfg = Release|Any CPU
		{8022C946-8D99-A6FB-3507-ADEC315B2AEE}.Release|Any CPU.Build.0 = Release|Any CPU
	EndGlobalSection
	GlobalSection(SolutionProperties) = preSolution
		HideSolutionNode = FALSE
	EndGlobalSection
EndGlobal
